// !$*UTF8*$!
{
	archiveVersion = 1;
	classes = {
	};
	objectVersion = 50;
	objects = {

/* Begin PBXBuildFile section */
		7BA17C5A20F2BCC4002F893F /* AppDelegate.swift in Sources */ = {isa = PBXBuildFile; fileRef = 7BA17C5920F2BCC4002F893F /* AppDelegate.swift */; };
		7BA17C5C20F2BCC4002F893F /* ViewController.swift in Sources */ = {isa = PBXBuildFile; fileRef = 7BA17C5B20F2BCC4002F893F /* ViewController.swift */; };
		7BA17C5F20F2BCC4002F893F /* Main.storyboard in Resources */ = {isa = PBXBuildFile; fileRef = 7BA17C5D20F2BCC4002F893F /* Main.storyboard */; };
		7BA17C6120F2BCC6002F893F /* Assets.xcassets in Resources */ = {isa = PBXBuildFile; fileRef = 7BA17C6020F2BCC6002F893F /* Assets.xcassets */; };
		7BA17C6420F2BCC6002F893F /* LaunchScreen.storyboard in Resources */ = {isa = PBXBuildFile; fileRef = 7BA17C6220F2BCC6002F893F /* LaunchScreen.storyboard */; };
		7BA17C6F20F2BCC6002F893F /* NeverEndingTests.swift in Sources */ = {isa = PBXBuildFile; fileRef = 7BA17C6E20F2BCC6002F893F /* NeverEndingTests.swift */; };
		7BA17C7A20F2BCC7002F893F /* NeverEndingUITests.swift in Sources */ = {isa = PBXBuildFile; fileRef = 7BA17C7920F2BCC7002F893F /* NeverEndingUITests.swift */; };
/* End PBXBuildFile section */

/* Begin PBXContainerItemProxy section */
		7BA17C6B20F2BCC6002F893F /* PBXContainerItemProxy */ = {
			isa = PBXContainerItemProxy;
			containerPortal = 7BA17C4E20F2BCC4002F893F /* Project object */;
			proxyType = 1;
			remoteGlobalIDString = 7BA17C5520F2BCC4002F893F;
			remoteInfo = NeverEnding;
		};
		7BA17C7620F2BCC7002F893F /* PBXContainerItemProxy */ = {
			isa = PBXContainerItemProxy;
			containerPortal = 7BA17C4E20F2BCC4002F893F /* Project object */;
			proxyType = 1;
			remoteGlobalIDString = 7BA17C5520F2BCC4002F893F;
			remoteInfo = NeverEnding;
		};
/* End PBXContainerItemProxy section */

/* Begin PBXFileReference section */
		7BA17C5620F2BCC4002F893F /* NeverEnding.app */ = {isa = PBXFileReference; explicitFileType = wrapper.application; includeInIndex = 0; path = NeverEnding.app; sourceTree = BUILT_PRODUCTS_DIR; };
		7BA17C5920F2BCC4002F893F /* AppDelegate.swift */ = {isa = PBXFileReference; lastKnownFileType = sourcecode.swift; path = AppDelegate.swift; sourceTree = "<group>"; };
		7BA17C5B20F2BCC4002F893F /* ViewController.swift */ = {isa = PBXFileReference; lastKnownFileType = sourcecode.swift; path = ViewController.swift; sourceTree = "<group>"; };
		7BA17C5E20F2BCC4002F893F /* Base */ = {isa = PBXFileReference; lastKnownFileType = file.storyboard; name = Base; path = Base.lproj/Main.storyboard; sourceTree = "<group>"; };
		7BA17C6020F2BCC6002F893F /* Assets.xcassets */ = {isa = PBXFileReference; lastKnownFileType = folder.assetcatalog; path = Assets.xcassets; sourceTree = "<group>"; };
		7BA17C6320F2BCC6002F893F /* Base */ = {isa = PBXFileReference; lastKnownFileType = file.storyboard; name = Base; path = Base.lproj/LaunchScreen.storyboard; sourceTree = "<group>"; };
		7BA17C6520F2BCC6002F893F /* Info.plist */ = {isa = PBXFileReference; lastKnownFileType = text.plist.xml; path = Info.plist; sourceTree = "<group>"; };
		7BA17C6A20F2BCC6002F893F /* NeverEndingTests.xctest */ = {isa = PBXFileReference; explicitFileType = wrapper.cfbundle; includeInIndex = 0; path = NeverEndingTests.xctest; sourceTree = BUILT_PRODUCTS_DIR; };
		7BA17C6E20F2BCC6002F893F /* NeverEndingTests.swift */ = {isa = PBXFileReference; lastKnownFileType = sourcecode.swift; path = NeverEndingTests.swift; sourceTree = "<group>"; };
		7BA17C7020F2BCC6002F893F /* Info.plist */ = {isa = PBXFileReference; lastKnownFileType = text.plist.xml; path = Info.plist; sourceTree = "<group>"; };
		7BA17C7520F2BCC7002F893F /* NeverEndingUITests.xctest */ = {isa = PBXFileReference; explicitFileType = wrapper.cfbundle; includeInIndex = 0; path = NeverEndingUITests.xctest; sourceTree = BUILT_PRODUCTS_DIR; };
		7BA17C7920F2BCC7002F893F /* NeverEndingUITests.swift */ = {isa = PBXFileReference; lastKnownFileType = sourcecode.swift; path = NeverEndingUITests.swift; sourceTree = "<group>"; };
		7BA17C7B20F2BCC7002F893F /* Info.plist */ = {isa = PBXFileReference; lastKnownFileType = text.plist.xml; path = Info.plist; sourceTree = "<group>"; };
/* End PBXFileReference section */

/* Begin PBXFrameworksBuildPhase section */
		7BA17C5320F2BCC4002F893F /* Frameworks */ = {
			isa = PBXFrameworksBuildPhase;
			buildActionMask = 2147483647;
			files = (
			);
			runOnlyForDeploymentPostprocessing = 0;
		};
		7BA17C6720F2BCC6002F893F /* Frameworks */ = {
			isa = PBXFrameworksBuildPhase;
			buildActionMask = 2147483647;
			files = (
			);
			runOnlyForDeploymentPostprocessing = 0;
		};
		7BA17C7220F2BCC7002F893F /* Frameworks */ = {
			isa = PBXFrameworksBuildPhase;
			buildActionMask = 2147483647;
			files = (
			);
			runOnlyForDeploymentPostprocessing = 0;
		};
/* End PBXFrameworksBuildPhase section */

/* Begin PBXGroup section */
		7BA17C4D20F2BCC4002F893F = {
			isa = PBXGroup;
			children = (
				7BA17C5820F2BCC4002F893F /* NeverEnding */,
				7BA17C6D20F2BCC6002F893F /* NeverEndingTests */,
				7BA17C7820F2BCC7002F893F /* NeverEndingUITests */,
				7BA17C5720F2BCC4002F893F /* Products */,
			);
			sourceTree = "<group>";
		};
		7BA17C5720F2BCC4002F893F /* Products */ = {
			isa = PBXGroup;
			children = (
				7BA17C5620F2BCC4002F893F /* NeverEnding.app */,
				7BA17C6A20F2BCC6002F893F /* NeverEndingTests.xctest */,
				7BA17C7520F2BCC7002F893F /* NeverEndingUITests.xctest */,
			);
			name = Products;
			sourceTree = "<group>";
		};
		7BA17C5820F2BCC4002F893F /* NeverEnding */ = {
			isa = PBXGroup;
			children = (
				7BA17C5920F2BCC4002F893F /* AppDelegate.swift */,
				7BA17C5B20F2BCC4002F893F /* ViewController.swift */,
				7BA17C5D20F2BCC4002F893F /* Main.storyboard */,
				7BA17C6020F2BCC6002F893F /* Assets.xcassets */,
				7BA17C6220F2BCC6002F893F /* LaunchScreen.storyboard */,
				7BA17C6520F2BCC6002F893F /* Info.plist */,
			);
			path = NeverEnding;
			sourceTree = "<group>";
		};
		7BA17C6D20F2BCC6002F893F /* NeverEndingTests */ = {
			isa = PBXGroup;
			children = (
				7BA17C6E20F2BCC6002F893F /* NeverEndingTests.swift */,
				7BA17C7020F2BCC6002F893F /* Info.plist */,
			);
			path = NeverEndingTests;
			sourceTree = "<group>";
		};
		7BA17C7820F2BCC7002F893F /* NeverEndingUITests */ = {
			isa = PBXGroup;
			children = (
				7BA17C7920F2BCC7002F893F /* NeverEndingUITests.swift */,
				7BA17C7B20F2BCC7002F893F /* Info.plist */,
			);
			path = NeverEndingUITests;
			sourceTree = "<group>";
		};
/* End PBXGroup section */

/* Begin PBXNativeTarget section */
		7BA17C5520F2BCC4002F893F /* NeverEnding */ = {
			isa = PBXNativeTarget;
			buildConfigurationList = 7BA17C7E20F2BCC7002F893F /* Build configuration list for PBXNativeTarget "NeverEnding" */;
			buildPhases = (
				7BA17C5220F2BCC4002F893F /* Sources */,
				7BA17C5320F2BCC4002F893F /* Frameworks */,
				7BA17C5420F2BCC4002F893F /* Resources */,
			);
			buildRules = (
			);
			dependencies = (
			);
			name = NeverEnding;
			productName = NeverEnding;
			productReference = 7BA17C5620F2BCC4002F893F /* NeverEnding.app */;
			productType = "com.apple.product-type.application";
		};
		7BA17C6920F2BCC6002F893F /* NeverEndingTests */ = {
			isa = PBXNativeTarget;
			buildConfigurationList = 7BA17C8120F2BCC7002F893F /* Build configuration list for PBXNativeTarget "NeverEndingTests" */;
			buildPhases = (
				7BA17C6620F2BCC6002F893F /* Sources */,
				7BA17C6720F2BCC6002F893F /* Frameworks */,
				7BA17C6820F2BCC6002F893F /* Resources */,
			);
			buildRules = (
			);
			dependencies = (
				7BA17C6C20F2BCC6002F893F /* PBXTargetDependency */,
			);
			name = NeverEndingTests;
			productName = NeverEndingTests;
			productReference = 7BA17C6A20F2BCC6002F893F /* NeverEndingTests.xctest */;
			productType = "com.apple.product-type.bundle.unit-test";
		};
		7BA17C7420F2BCC7002F893F /* NeverEndingUITests */ = {
			isa = PBXNativeTarget;
			buildConfigurationList = 7BA17C8420F2BCC7002F893F /* Build configuration list for PBXNativeTarget "NeverEndingUITests" */;
			buildPhases = (
				7BA17C7120F2BCC7002F893F /* Sources */,
				7BA17C7220F2BCC7002F893F /* Frameworks */,
				7BA17C7320F2BCC7002F893F /* Resources */,
			);
			buildRules = (
			);
			dependencies = (
				7BA17C7720F2BCC7002F893F /* PBXTargetDependency */,
			);
			name = NeverEndingUITests;
			productName = NeverEndingUITests;
			productReference = 7BA17C7520F2BCC7002F893F /* NeverEndingUITests.xctest */;
			productType = "com.apple.product-type.bundle.ui-testing";
		};
/* End PBXNativeTarget section */

/* Begin PBXProject section */
		7BA17C4E20F2BCC4002F893F /* Project object */ = {
			isa = PBXProject;
			attributes = {
				LastSwiftUpdateCheck = 0940;
				LastUpgradeCheck = 0940;
				ORGANIZATIONNAME = "Kamal Wadhwa";
				TargetAttributes = {
					7BA17C5520F2BCC4002F893F = {
						CreatedOnToolsVersion = 9.4;
					};
					7BA17C6920F2BCC6002F893F = {
						CreatedOnToolsVersion = 9.4;
						TestTargetID = 7BA17C5520F2BCC4002F893F;
					};
					7BA17C7420F2BCC7002F893F = {
						CreatedOnToolsVersion = 9.4;
						TestTargetID = 7BA17C5520F2BCC4002F893F;
					};
				};
			};
			buildConfigurationList = 7BA17C5120F2BCC4002F893F /* Build configuration list for PBXProject "NeverEnding" */;
			compatibilityVersion = "Xcode 9.3";
			developmentRegion = en;
			hasScannedForEncodings = 0;
			knownRegions = (
				en,
				Base,
			);
			mainGroup = 7BA17C4D20F2BCC4002F893F;
			productRefGroup = 7BA17C5720F2BCC4002F893F /* Products */;
			projectDirPath = "";
			projectRoot = "";
			targets = (
				7BA17C5520F2BCC4002F893F /* NeverEnding */,
				7BA17C6920F2BCC6002F893F /* NeverEndingTests */,
				7BA17C7420F2BCC7002F893F /* NeverEndingUITests */,
			);
		};
/* End PBXProject section */

/* Begin PBXResourcesBuildPhase section */
		7BA17C5420F2BCC4002F893F /* Resources */ = {
			isa = PBXResourcesBuildPhase;
			buildActionMask = 2147483647;
			files = (
				7BA17C6420F2BCC6002F893F /* LaunchScreen.storyboard in Resources */,
				7BA17C6120F2BCC6002F893F /* Assets.xcassets in Resources */,
				7BA17C5F20F2BCC4002F893F /* Main.storyboard in Resources */,
			);
			runOnlyForDeploymentPostprocessing = 0;
		};
		7BA17C6820F2BCC6002F893F /* Resources */ = {
			isa = PBXResourcesBuildPhase;
			buildActionMask = 2147483647;
			files = (
			);
			runOnlyForDeploymentPostprocessing = 0;
		};
		7BA17C7320F2BCC7002F893F /* Resources */ = {
			isa = PBXResourcesBuildPhase;
			buildActionMask = 2147483647;
			files = (
			);
			runOnlyForDeploymentPostprocessing = 0;
		};
/* End PBXResourcesBuildPhase section */

/* Begin PBXSourcesBuildPhase section */
		7BA17C5220F2BCC4002F893F /* Sources */ = {
			isa = PBXSourcesBuildPhase;
			buildActionMask = 2147483647;
			files = (
				7BA17C5C20F2BCC4002F893F /* ViewController.swift in Sources */,
				7BA17C5A20F2BCC4002F893F /* AppDelegate.swift in Sources */,
			);
			runOnlyForDeploymentPostprocessing = 0;
		};
		7BA17C6620F2BCC6002F893F /* Sources */ = {
			isa = PBXSourcesBuildPhase;
			buildActionMask = 2147483647;
			files = (
				7BA17C6F20F2BCC6002F893F /* NeverEndingTests.swift in Sources */,
			);
			runOnlyForDeploymentPostprocessing = 0;
		};
		7BA17C7120F2BCC7002F893F /* Sources */ = {
			isa = PBXSourcesBuildPhase;
			buildActionMask = 2147483647;
			files = (
				7BA17C7A20F2BCC7002F893F /* NeverEndingUITests.swift in Sources */,
			);
			runOnlyForDeploymentPostprocessing = 0;
		};
/* End PBXSourcesBuildPhase section */

/* Begin PBXTargetDependency section */
		7BA17C6C20F2BCC6002F893F /* PBXTargetDependency */ = {
			isa = PBXTargetDependency;
			target = 7BA17C5520F2BCC4002F893F /* NeverEnding */;
			targetProxy = 7BA17C6B20F2BCC6002F893F /* PBXContainerItemProxy */;
		};
		7BA17C7720F2BCC7002F893F /* PBXTargetDependency */ = {
			isa = PBXTargetDependency;
			target = 7BA17C5520F2BCC4002F893F /* NeverEnding */;
			targetProxy = 7BA17C7620F2BCC7002F893F /* PBXContainerItemProxy */;
		};
/* End PBXTargetDependency section */

/* Begin PBXVariantGroup section */
		7BA17C5D20F2BCC4002F893F /* Main.storyboard */ = {
			isa = PBXVariantGroup;
			children = (
				7BA17C5E20F2BCC4002F893F /* Base */,
			);
			name = Main.storyboard;
			sourceTree = "<group>";
		};
		7BA17C6220F2BCC6002F893F /* LaunchScreen.storyboard */ = {
			isa = PBXVariantGroup;
			children = (
				7BA17C6320F2BCC6002F893F /* Base */,
			);
			name = LaunchScreen.storyboard;
			sourceTree = "<group>";
		};
/* End PBXVariantGroup section */

/* Begin XCBuildConfiguration section */
		7BA17C7C20F2BCC7002F893F /* Debug */ = {
			isa = XCBuildConfiguration;
			buildSettings = {
				ALWAYS_SEARCH_USER_PATHS = NO;
				CLANG_ANALYZER_NONNULL = YES;
				CLANG_ANALYZER_NUMBER_OBJECT_CONVERSION = YES_AGGRESSIVE;
				CLANG_CXX_LANGUAGE_STANDARD = "gnu++14";
				CLANG_CXX_LIBRARY = "libc++";
				CLANG_ENABLE_MODULES = YES;
				CLANG_ENABLE_OBJC_ARC = YES;
				CLANG_ENABLE_OBJC_WEAK = YES;
				CLANG_WARN_BLOCK_CAPTURE_AUTORELEASING = YES;
				CLANG_WARN_BOOL_CONVERSION = YES;
				CLANG_WARN_COMMA = YES;
				CLANG_WARN_CONSTANT_CONVERSION = YES;
				CLANG_WARN_DEPRECATED_OBJC_IMPLEMENTATIONS = YES;
				CLANG_WARN_DIRECT_OBJC_ISA_USAGE = YES_ERROR;
				CLANG_WARN_DOCUMENTATION_COMMENTS = YES;
				CLANG_WARN_EMPTY_BODY = YES;
				CLANG_WARN_ENUM_CONVERSION = YES;
				CLANG_WARN_INFINITE_RECURSION = YES;
				CLANG_WARN_INT_CONVERSION = YES;
				CLANG_WARN_NON_LITERAL_NULL_CONVERSION = YES;
				CLANG_WARN_OBJC_IMPLICIT_RETAIN_SELF = YES;
				CLANG_WARN_OBJC_LITERAL_CONVERSION = YES;
				CLANG_WARN_OBJC_ROOT_CLASS = YES_ERROR;
				CLANG_WARN_RANGE_LOOP_ANALYSIS = YES;
				CLANG_WARN_STRICT_PROTOTYPES = YES;
				CLANG_WARN_SUSPICIOUS_MOVE = YES;
				CLANG_WARN_UNGUARDED_AVAILABILITY = YES_AGGRESSIVE;
				CLANG_WARN_UNREACHABLE_CODE = YES;
				CLANG_WARN__DUPLICATE_METHOD_MATCH = YES;
				CODE_SIGN_IDENTITY = "iPhone Developer";
				COPY_PHASE_STRIP = NO;
				DEBUG_INFORMATION_FORMAT = dwarf;
				ENABLE_STRICT_OBJC_MSGSEND = YES;
				ENABLE_TESTABILITY = YES;
				GCC_C_LANGUAGE_STANDARD = gnu11;
				GCC_DYNAMIC_NO_PIC = NO;
				GCC_NO_COMMON_BLOCKS = YES;
				GCC_OPTIMIZATION_LEVEL = 0;
				GCC_PREPROCESSOR_DEFINITIONS = (
					"DEBUG=1",
					"$(inherited)",
				);
				GCC_WARN_64_TO_32_BIT_CONVERSION = YES;
				GCC_WARN_ABOUT_RETURN_TYPE = YES_ERROR;
				GCC_WARN_UNDECLARED_SELECTOR = YES;
				GCC_WARN_UNINITIALIZED_AUTOS = YES_AGGRESSIVE;
				GCC_WARN_UNUSED_FUNCTION = YES;
				GCC_WARN_UNUSED_VARIABLE = YES;
				IPHONEOS_DEPLOYMENT_TARGET = 11.4;
				MTL_ENABLE_DEBUG_INFO = YES;
				ONLY_ACTIVE_ARCH = YES;
				SDKROOT = iphoneos;
				SWIFT_ACTIVE_COMPILATION_CONDITIONS = DEBUG;
				SWIFT_OPTIMIZATION_LEVEL = "-Onone";
			};
			name = Debug;
		};
		7BA17C7D20F2BCC7002F893F /* Release */ = {
			isa = XCBuildConfiguration;
			buildSettings = {
				ALWAYS_SEARCH_USER_PATHS = NO;
				CLANG_ANALYZER_NONNULL = YES;
				CLANG_ANALYZER_NUMBER_OBJECT_CONVERSION = YES_AGGRESSIVE;
				CLANG_CXX_LANGUAGE_STANDARD = "gnu++14";
				CLANG_CXX_LIBRARY = "libc++";
				CLANG_ENABLE_MODULES = YES;
				CLANG_ENABLE_OBJC_ARC = YES;
				CLANG_ENABLE_OBJC_WEAK = YES;
				CLANG_WARN_BLOCK_CAPTURE_AUTORELEASING = YES;
				CLANG_WARN_BOOL_CONVERSION = YES;
				CLANG_WARN_COMMA = YES;
				CLANG_WARN_CONSTANT_CONVERSION = YES;
				CLANG_WARN_DEPRECATED_OBJC_IMPLEMENTATIONS = YES;
				CLANG_WARN_DIRECT_OBJC_ISA_USAGE = YES_ERROR;
				CLANG_WARN_DOCUMENTATION_COMMENTS = YES;
				CLANG_WARN_EMPTY_BODY = YES;
				CLANG_WARN_ENUM_CONVERSION = YES;
				CLANG_WARN_INFINITE_RECURSION = YES;
				CLANG_WARN_INT_CONVERSION = YES;
				CLANG_WARN_NON_LITERAL_NULL_CONVERSION = YES;
				CLANG_WARN_OBJC_IMPLICIT_RETAIN_SELF = YES;
				CLANG_WARN_OBJC_LITERAL_CONVERSION = YES;
				CLANG_WARN_OBJC_ROOT_CLASS = YES_ERROR;
				CLANG_WARN_RANGE_LOOP_ANALYSIS = YES;
				CLANG_WARN_STRICT_PROTOTYPES = YES;
				CLANG_WARN_SUSPICIOUS_MOVE = YES;
				CLANG_WARN_UNGUARDED_AVAILABILITY = YES_AGGRESSIVE;
				CLANG_WARN_UNREACHABLE_CODE = YES;
				CLANG_WARN__DUPLICATE_METHOD_MATCH = YES;
				CODE_SIGN_IDENTITY = "iPhone Developer";
				COPY_PHASE_STRIP = NO;
				DEBUG_INFORMATION_FORMAT = "dwarf-with-dsym";
				ENABLE_NS_ASSERTIONS = NO;
				ENABLE_STRICT_OBJC_MSGSEND = YES;
				GCC_C_LANGUAGE_STANDARD = gnu11;
				GCC_NO_COMMON_BLOCKS = YES;
				GCC_WARN_64_TO_32_BIT_CONVERSION = YES;
				GCC_WARN_ABOUT_RETURN_TYPE = YES_ERROR;
				GCC_WARN_UNDECLARED_SELECTOR = YES;
				GCC_WARN_UNINITIALIZED_AUTOS = YES_AGGRESSIVE;
				GCC_WARN_UNUSED_FUNCTION = YES;
				GCC_WARN_UNUSED_VARIABLE = YES;
				IPHONEOS_DEPLOYMENT_TARGET = 11.4;
				MTL_ENABLE_DEBUG_INFO = NO;
				SDKROOT = iphoneos;
				SWIFT_COMPILATION_MODE = wholemodule;
				SWIFT_OPTIMIZATION_LEVEL = "-O";
				VALIDATE_PRODUCT = YES;
			};
			name = Release;
		};
		7BA17C7F20F2BCC7002F893F /* Debug */ = {
			isa = XCBuildConfiguration;
			buildSettings = {
				ASSETCATALOG_COMPILER_APPICON_NAME = AppIcon;
				CODE_SIGN_STYLE = Automatic;
				DEVELOPMENT_TEAM = 4F9L26E329;
				INFOPLIST_FILE = NeverEnding/Info.plist;
				LD_RUNPATH_SEARCH_PATHS = (
					"$(inherited)",
					"@executable_path/Frameworks",
				);
				PRODUCT_BUNDLE_IDENTIFIER = me.kamalwadhwa.NeverEnding;
				PRODUCT_NAME = "$(TARGET_NAME)";
				SWIFT_VERSION = 4.0;
				TARGETED_DEVICE_FAMILY = "1,2";
			};
			name = Debug;
		};
		7BA17C8020F2BCC7002F893F /* Release */ = {
			isa = XCBuildConfiguration;
			buildSettings = {
				ASSETCATALOG_COMPILER_APPICON_NAME = AppIcon;
				CODE_SIGN_STYLE = Automatic;
				DEVELOPMENT_TEAM = 4F9L26E329;
				INFOPLIST_FILE = NeverEnding/Info.plist;
				LD_RUNPATH_SEARCH_PATHS = (
					"$(inherited)",
					"@executable_path/Frameworks",
				);
				PRODUCT_BUNDLE_IDENTIFIER = me.kamalwadhwa.NeverEnding;
				PRODUCT_NAME = "$(TARGET_NAME)";
				SWIFT_VERSION = 4.0;
				TARGETED_DEVICE_FAMILY = "1,2";
			};
			name = Release;
		};
		7BA17C8220F2BCC7002F893F /* Debug */ = {
			isa = XCBuildConfiguration;
			buildSettings = {
				ALWAYS_EMBED_SWIFT_STANDARD_LIBRARIES = YES;
				BUNDLE_LOADER = "$(TEST_HOST)";
				CODE_SIGN_STYLE = Automatic;
				DEVELOPMENT_TEAM = 4F9L26E329;
				INFOPLIST_FILE = NeverEndingTests/Info.plist;
				LD_RUNPATH_SEARCH_PATHS = (
					"$(inherited)",
					"@executable_path/Frameworks",
					"@loader_path/Frameworks",
				);
				PRODUCT_BUNDLE_IDENTIFIER = me.kamalwadhwa.NeverEndingTests;
				PRODUCT_NAME = "$(TARGET_NAME)";
				SWIFT_VERSION = 4.0;
				TARGETED_DEVICE_FAMILY = "1,2";
				TEST_HOST = "$(BUILT_PRODUCTS_DIR)/NeverEnding.app/NeverEnding";
			};
			name = Debug;
		};
		7BA17C8320F2BCC7002F893F /* Release */ = {
			isa = XCBuildConfiguration;
			buildSettings = {
				ALWAYS_EMBED_SWIFT_STANDARD_LIBRARIES = YES;
				BUNDLE_LOADER = "$(TEST_HOST)";
				CODE_SIGN_STYLE = Automatic;
				DEVELOPMENT_TEAM = 4F9L26E329;
				INFOPLIST_FILE = NeverEndingTests/Info.plist;
				LD_RUNPATH_SEARCH_PATHS = (
					"$(inherited)",
					"@executable_path/Frameworks",
					"@loader_path/Frameworks",
				);
				PRODUCT_BUNDLE_IDENTIFIER = me.kamalwadhwa.NeverEndingTests;
				PRODUCT_NAME = "$(TARGET_NAME)";
				SWIFT_VERSION = 4.0;
				TARGETED_DEVICE_FAMILY = "1,2";
				TEST_HOST = "$(BUILT_PRODUCTS_DIR)/NeverEnding.app/NeverEnding";
			};
			name = Release;
		};
		7BA17C8520F2BCC7002F893F /* Debug */ = {
			isa = XCBuildConfiguration;
			buildSettings = {
				ALWAYS_EMBED_SWIFT_STANDARD_LIBRARIES = YES;
				CODE_SIGN_STYLE = Automatic;
				DEVELOPMENT_TEAM = 4F9L26E329;
				INFOPLIST_FILE = NeverEndingUITests/Info.plist;
				LD_RUNPATH_SEARCH_PATHS = (
					"$(inherited)",
					"@executable_path/Frameworks",
					"@loader_path/Frameworks",
				);
				PRODUCT_BUNDLE_IDENTIFIER = me.kamalwadhwa.NeverEndingUITests;
				PRODUCT_NAME = "$(TARGET_NAME)";
				SWIFT_VERSION = 4.0;
				TARGETED_DEVICE_FAMILY = "1,2";
				TEST_TARGET_NAME = NeverEnding;
			};
			name = Debug;
		};
		7BA17C8620F2BCC7002F893F /* Release */ = {
			isa = XCBuildConfiguration;
			buildSettings = {
				ALWAYS_EMBED_SWIFT_STANDARD_LIBRARIES = YES;
				CODE_SIGN_STYLE = Automatic;
				DEVELOPMENT_TEAM = 4F9L26E329;
				INFOPLIST_FILE = NeverEndingUITests/Info.plist;
				LD_RUNPATH_SEARCH_PATHS = (
					"$(inherited)",
					"@executable_path/Frameworks",
					"@loader_path/Frameworks",
				);
				PRODUCT_BUNDLE_IDENTIFIER = me.kamalwadhwa.NeverEndingUITests;
				PRODUCT_NAME = "$(TARGET_NAME)";
				SWIFT_VERSION = 4.0;
				TARGETED_DEVICE_FAMILY = "1,2";
				TEST_TARGET_NAME = NeverEnding;
			};
			name = Release;
		};
/* End XCBuildConfiguration section */

/* Begin XCConfigurationList section */
		7BA17C5120F2BCC4002F893F /* Build configuration list for PBXProject "NeverEnding" */ = {
			isa = XCConfigurationList;
			buildConfigurations = (
				7BA17C7C20F2BCC7002F893F /* Debug */,
				7BA17C7D20F2BCC7002F893F /* Release */,
			);
			defaultConfigurationIsVisible = 0;
			defaultConfigurationName = Release;
		};
		7BA17C7E20F2BCC7002F893F /* Build configuration list for PBXNativeTarget "NeverEnding" */ = {
			isa = XCConfigurationList;
			buildConfigurations = (
				7BA17C7F20F2BCC7002F893F /* Debug */,
				7BA17C8020F2BCC7002F893F /* Release */,
			);
			defaultConfigurationIsVisible = 0;
			defaultConfigurationName = Release;
		};
		7BA17C8120F2BCC7002F893F /* Build configuration list for PBXNativeTarget "NeverEndingTests" */ = {
			isa = XCConfigurationList;
			buildConfigurations = (
				7BA17C8220F2BCC7002F893F /* Debug */,
				7BA17C8320F2BCC7002F893F /* Release */,
			);
			defaultConfigurationIsVisible = 0;
			defaultConfigurationName = Release;
		};
		7BA17C8420F2BCC7002F893F /* Build configuration list for PBXNativeTarget "NeverEndingUITests" */ = {
			isa = XCConfigurationList;
			buildConfigurations = (
				7BA17C8520F2BCC7002F893F /* Debug */,
				7BA17C8620F2BCC7002F893F /* Release */,
			);
			defaultConfigurationIsVisible = 0;
			defaultConfigurationName = Release;
		};
/* End XCConfigurationList section */
	};
	rootObject = 7BA17C4E20F2BCC4002F893F /* Project object */;
}
